
Microsoft Visual Studio Solution File, Format Version 12.00
# Visual Studio Version 16
VisualStudioVersion = 16.0.30128.74
MinimumVisualStudioVersion = 10.0.40219.1
Project("{FAE04EC0-301F-11D3-BF4B-00C04F79EFBC}") = "RandomPixelImage", "RandomPixelImage\RandomPixelImage.csproj", "{E000B052-8CF4-4DC2-A5AD-7DA5105C755F}"
EndProject
Project("{54435603-DBB4-11D2-8724-00A0C9A8B90C}") = "RandomPixelImageInstaller", "RandomPixelImageInstaller\RandomPixelImageInstaller.vdproj", "{D6CC79B7-C620-4FD0-A48A-4AAB072ABF0E}"
EndProject
Global
	GlobalSection(SolutionConfigurationPlatforms) = preSolution
		Debug|Any CPU = Debug|Any CPU
		Release|Any CPU = Release|Any CPU
	EndGlobalSection
	GlobalSection(ProjectConfigurationPlatforms) = postSolution
		{E000B052-8CF4-4DC2-A5AD-7DA5105C755F}.Debug|Any CPU.ActiveCfg = Debug|Any CPU
		{E000B052-8CF4-4DC2-A5AD-7DA5105C755F}.Debug|Any CPU.Build.0 = Debug|Any CPU
		{E000B052-8CF4-4DC2-A5AD-7DA5105C755F}.Release|Any CPU.ActiveCfg = Release|Any CPU
		{E000B052-8CF4-4DC2-A5AD-7DA5105C755F}.Release|Any CPU.Build.0 = Release|Any CPU
		{D6CC79B7-C620-4FD0-A48A-4AAB072ABF0E}.Debug|Any CPU.ActiveCfg = Debug
		{D6CC79B7-C620-4FD0-A48A-4AAB072ABF0E}.Release|Any CPU.ActiveCfg = Release
	EndGlobalSection
	GlobalSection(SolutionProperties) = preSolution
		HideSolutionNode = FALSE
	EndGlobalSection
	GlobalSection(ExtensibilityGlobals) = postSolution
		SolutionGuid = {4534657D-1686-4A79-841B-0B62A83B2EA3}
	EndGlobalSection
EndGlobal
